// !$*UTF8*$!
{
	archiveVersion = 1;
	classes = {
	};
	objectVersion = 55;
	objects = {

/* Begin PBXBuildFile section */
		931F43AB289261DD00A3F14F /* AppDelegate.swift in Sources */ = {isa = PBXBuildFile; fileRef = 931F43AA289261DD00A3F14F /* AppDelegate.swift */; };
		931F43AD289261DD00A3F14F /* SceneDelegate.swift in Sources */ = {isa = PBXBuildFile; fileRef = 931F43AC289261DD00A3F14F /* SceneDelegate.swift */; };
		931F43B2289261DD00A3F14F /* Main.storyboard in Resources */ = {isa = PBXBuildFile; fileRef = 931F43B0289261DD00A3F14F /* Main.storyboard */; };
		931F43B4289261DF00A3F14F /* Assets.xcassets in Resources */ = {isa = PBXBuildFile; fileRef = 931F43B3289261DF00A3F14F /* Assets.xcassets */; };
		931F43B7289261DF00A3F14F /* LaunchScreen.storyboard in Resources */ = {isa = PBXBuildFile; fileRef = 931F43B5289261DF00A3F14F /* LaunchScreen.storyboard */; };
		931F43BF289261F700A3F14F /* GoogleService-Info.plist in Resources */ = {isa = PBXBuildFile; fileRef = 931F43BE289261F700A3F14F /* GoogleService-Info.plist */; };
		939E743E289266D8003941BA /* FirebaseAuth in Frameworks */ = {isa = PBXBuildFile; productRef = 939E743D289266D8003941BA /* FirebaseAuth */; };
		939E7440289266D8003941BA /* FirebaseAuthCombine-Community in Frameworks */ = {isa = PBXBuildFile; productRef = 939E743F289266D8003941BA /* FirebaseAuthCombine-Community */; };
		939E7442289266D8003941BA /* FirebaseDatabase in Frameworks */ = {isa = PBXBuildFile; productRef = 939E7441289266D8003941BA /* FirebaseDatabase */; };
		939E7444289266D8003941BA /* FirebaseDatabaseSwift in Frameworks */ = {isa = PBXBuildFile; productRef = 939E7443289266D8003941BA /* FirebaseDatabaseSwift */; };
		939E7446289266D8003941BA /* FirebaseStorage in Frameworks */ = {isa = PBXBuildFile; productRef = 939E7445289266D8003941BA /* FirebaseStorage */; };
		939E7448289266D8003941BA /* FirebaseStorageCombine-Community in Frameworks */ = {isa = PBXBuildFile; productRef = 939E7447289266D8003941BA /* FirebaseStorageCombine-Community */; };
		939E745D289267BF003941BA /* Extensions.swift in Sources */ = {isa = PBXBuildFile; fileRef = 939E7455289267BF003941BA /* Extensions.swift */; };
		939E745E289267BF003941BA /* AuthButton.swift in Sources */ = {isa = PBXBuildFile; fileRef = 939E7457289267BF003941BA /* AuthButton.swift */; };
		939E745F289267BF003941BA /* HomeController.swift in Sources */ = {isa = PBXBuildFile; fileRef = 939E745A289267BF003941BA /* HomeController.swift */; };
		939E7460289267BF003941BA /* LoginController.swift in Sources */ = {isa = PBXBuildFile; fileRef = 939E745B289267BF003941BA /* LoginController.swift */; };
		939E7461289267BF003941BA /* SignUpController.swift in Sources */ = {isa = PBXBuildFile; fileRef = 939E745C289267BF003941BA /* SignUpController.swift */; };
/* End PBXBuildFile section */

/* Begin PBXFileReference section */
		931F43A7289261DD00A3F14F /* UBER_CLONE.app */ = {isa = PBXFileReference; explicitFileType = wrapper.application; includeInIndex = 0; path = UBER_CLONE.app; sourceTree = BUILT_PRODUCTS_DIR; };
		931F43AA289261DD00A3F14F /* AppDelegate.swift */ = {isa = PBXFileReference; lastKnownFileType = sourcecode.swift; path = AppDelegate.swift; sourceTree = "<group>"; };
		931F43AC289261DD00A3F14F /* SceneDelegate.swift */ = {isa = PBXFileReference; lastKnownFileType = sourcecode.swift; path = SceneDelegate.swift; sourceTree = "<group>"; };
		931F43B1289261DD00A3F14F /* Base */ = {isa = PBXFileReference; lastKnownFileType = file.storyboard; name = Base; path = Base.lproj/Main.storyboard; sourceTree = "<group>"; };
		931F43B3289261DF00A3F14F /* Assets.xcassets */ = {isa = PBXFileReference; lastKnownFileType = folder.assetcatalog; path = Assets.xcassets; sourceTree = "<group>"; };
		931F43B6289261DF00A3F14F /* Base */ = {isa = PBXFileReference; lastKnownFileType = file.storyboard; name = Base; path = Base.lproj/LaunchScreen.storyboard; sourceTree = "<group>"; };
		931F43B8289261DF00A3F14F /* Info.plist */ = {isa = PBXFileReference; lastKnownFileType = text.plist.xml; path = Info.plist; sourceTree = "<group>"; };
		931F43BE289261F700A3F14F /* GoogleService-Info.plist */ = {isa = PBXFileReference; fileEncoding = 4; lastKnownFileType = text.plist.xml; path = "GoogleService-Info.plist"; sourceTree = "<group>"; };
		939E7455289267BF003941BA /* Extensions.swift */ = {isa = PBXFileReference; fileEncoding = 4; lastKnownFileType = sourcecode.swift; path = Extensions.swift; sourceTree = "<group>"; };
		939E7457289267BF003941BA /* AuthButton.swift */ = {isa = PBXFileReference; fileEncoding = 4; lastKnownFileType = sourcecode.swift; path = AuthButton.swift; sourceTree = "<group>"; };
		939E745A289267BF003941BA /* HomeController.swift */ = {isa = PBXFileReference; fileEncoding = 4; lastKnownFileType = sourcecode.swift; path = HomeController.swift; sourceTree = "<group>"; };
		939E745B289267BF003941BA /* LoginController.swift */ = {isa = PBXFileReference; fileEncoding = 4; lastKnownFileType = sourcecode.swift; path = LoginController.swift; sourceTree = "<group>"; };
		939E745C289267BF003941BA /* SignUpController.swift */ = {isa = PBXFileReference; fileEncoding = 4; lastKnownFileType = sourcecode.swift; path = SignUpController.swift; sourceTree = "<group>"; };
/* End PBXFileReference section */

/* Begin PBXFrameworksBuildPhase section */
		931F43A4289261DD00A3F14F /* Frameworks */ = {
			isa = PBXFrameworksBuildPhase;
			buildActionMask = 2147483647;
			files = (
				939E7444289266D8003941BA /* FirebaseDatabaseSwift in Frameworks */,
				939E7442289266D8003941BA /* FirebaseDatabase in Frameworks */,
				939E743E289266D8003941BA /* FirebaseAuth in Frameworks */,
				939E7446289266D8003941BA /* FirebaseStorage in Frameworks */,
				939E7448289266D8003941BA /* FirebaseStorageCombine-Community in Frameworks */,
				939E7440289266D8003941BA /* FirebaseAuthCombine-Community in Frameworks */,
			);
			runOnlyForDeploymentPostprocessing = 0;
		};
/* End PBXFrameworksBuildPhase section */

/* Begin PBXGroup section */
		931F439E289261DD00A3F14F = {
			isa = PBXGroup;
			children = (
				931F43A9289261DD00A3F14F /* UBER_CLONE */,
				931F43A8289261DD00A3F14F /* Products */,
			);
			sourceTree = "<group>";
		};
		931F43A8289261DD00A3F14F /* Products */ = {
			isa = PBXGroup;
			children = (
				931F43A7289261DD00A3F14F /* UBER_CLONE.app */,
			);
			name = Products;
			sourceTree = "<group>";
		};
		931F43A9289261DD00A3F14F /* UBER_CLONE */ = {
			isa = PBXGroup;
			children = (
				939E7459289267BF003941BA /* Controller */,
				939E7453289267BE003941BA /* Model */,
				939E7458289267BF003941BA /* Service */,
				939E7454289267BF003941BA /* Utils */,
				939E7456289267BF003941BA /* View */,
				931F43AA289261DD00A3F14F /* AppDelegate.swift */,
				931F43AC289261DD00A3F14F /* SceneDelegate.swift */,
				931F43B0289261DD00A3F14F /* Main.storyboard */,
				931F43B3289261DF00A3F14F /* Assets.xcassets */,
				931F43B5289261DF00A3F14F /* LaunchScreen.storyboard */,
				931F43B8289261DF00A3F14F /* Info.plist */,
				931F43BE289261F700A3F14F /* GoogleService-Info.plist */,
			);
			path = UBER_CLONE;
			sourceTree = "<group>";
		};
		939E7453289267BE003941BA /* Model */ = {
			isa = PBXGroup;
			children = (
			);
			path = Model;
			sourceTree = "<group>";
		};
		939E7454289267BF003941BA /* Utils */ = {
			isa = PBXGroup;
			children = (
				939E7455289267BF003941BA /* Extensions.swift */,
			);
			path = Utils;
			sourceTree = "<group>";
		};
		939E7456289267BF003941BA /* View */ = {
			isa = PBXGroup;
			children = (
				939E7457289267BF003941BA /* AuthButton.swift */,
			);
			path = View;
			sourceTree = "<group>";
		};
		939E7458289267BF003941BA /* Service */ = {
			isa = PBXGroup;
			children = (
			);
			path = Service;
			sourceTree = "<group>";
		};
		939E7459289267BF003941BA /* Controller */ = {
			isa = PBXGroup;
			children = (
				939E745A289267BF003941BA /* HomeController.swift */,
				939E745B289267BF003941BA /* LoginController.swift */,
				939E745C289267BF003941BA /* SignUpController.swift */,
			);
			path = Controller;
			sourceTree = "<group>";
		};
/* End PBXGroup section */

/* Begin PBXNativeTarget section */
		931F43A6289261DD00A3F14F /* UBER_CLONE */ = {
			isa = PBXNativeTarget;
			buildConfigurationList = 931F43BB289261DF00A3F14F /* Build configuration list for PBXNativeTarget "UBER_CLONE" */;
			buildPhases = (
				931F43A3289261DD00A3F14F /* Sources */,
				931F43A4289261DD00A3F14F /* Frameworks */,
				931F43A5289261DD00A3F14F /* Resources */,
			);
			buildRules = (
			);
			dependencies = (
			);
			name = UBER_CLONE;
			packageProductDependencies = (
				939E743D289266D8003941BA /* FirebaseAuth */,
				939E743F289266D8003941BA /* FirebaseAuthCombine-Community */,
				939E7441289266D8003941BA /* FirebaseDatabase */,
				939E7443289266D8003941BA /* FirebaseDatabaseSwift */,
				939E7445289266D8003941BA /* FirebaseStorage */,
				939E7447289266D8003941BA /* FirebaseStorageCombine-Community */,
			);
			productName = UBER_CLONE;
			productReference = 931F43A7289261DD00A3F14F /* UBER_CLONE.app */;
			productType = "com.apple.product-type.application";
		};
/* End PBXNativeTarget section */

/* Begin PBXProject section */
		931F439F289261DD00A3F14F /* Project object */ = {
			isa = PBXProject;
			attributes = {
				BuildIndependentTargetsInParallel = 1;
				LastSwiftUpdateCheck = 1340;
				LastUpgradeCheck = 1340;
				TargetAttributes = {
					931F43A6289261DD00A3F14F = {
						CreatedOnToolsVersion = 13.4.1;
					};
				};
			};
			buildConfigurationList = 931F43A2289261DD00A3F14F /* Build configuration list for PBXProject "UBER_CLONE" */;
			compatibilityVersion = "Xcode 13.0";
			developmentRegion = en;
			hasScannedForEncodings = 0;
			knownRegions = (
				en,
				Base,
			);
			mainGroup = 931F439E289261DD00A3F14F;
			packageReferences = (
				939E743C289266D8003941BA /* XCRemoteSwiftPackageReference "firebase-ios-sdk" */,
			);
			productRefGroup = 931F43A8289261DD00A3F14F /* Products */;
			projectDirPath = "";
			projectRoot = "";
			targets = (
				931F43A6289261DD00A3F14F /* UBER_CLONE */,
			);
		};
/* End PBXProject section */

/* Begin PBXResourcesBuildPhase section */
		931F43A5289261DD00A3F14F /* Resources */ = {
			isa = PBXResourcesBuildPhase;
			buildActionMask = 2147483647;
			files = (
				931F43B7289261DF00A3F14F /* LaunchScreen.storyboard in Resources */,
				931F43BF289261F700A3F14F /* GoogleService-Info.plist in Resources */,
				931F43B4289261DF00A3F14F /* Assets.xcassets in Resources */,
				931F43B2289261DD00A3F14F /* Main.storyboard in Resources */,
			);
			runOnlyForDeploymentPostprocessing = 0;
		};
/* End PBXResourcesBuildPhase section */

/* Begin PBXSourcesBuildPhase section */
		931F43A3289261DD00A3F14F /* Sources */ = {
			isa = PBXSourcesBuildPhase;
			buildActionMask = 2147483647;
			files = (
				931F43AB289261DD00A3F14F /* AppDelegate.swift in Sources */,
				939E7460289267BF003941BA /* LoginController.swift in Sources */,
				939E7461289267BF003941BA /* SignUpController.swift in Sources */,
				939E745E289267BF003941BA /* AuthButton.swift in Sources */,
				939E745D289267BF003941BA /* Extensions.swift in Sources */,
				931F43AD289261DD00A3F14F /* SceneDelegate.swift in Sources */,
				939E745F289267BF003941BA /* HomeController.swift in Sources */,
			);
			runOnlyForDeploymentPostprocessing = 0;
		};
/* End PBXSourcesBuildPhase section */

/* Begin PBXVariantGroup section */
		931F43B0289261DD00A3F14F /* Main.storyboard */ = {
			isa = PBXVariantGroup;
			children = (
				931F43B1289261DD00A3F14F /* Base */,
			);
			name = Main.storyboard;
			sourceTree = "<group>";
		};
		931F43B5289261DF00A3F14F /* LaunchScreen.storyboard */ = {
			isa = PBXVariantGroup;
			children = (
				931F43B6289261DF00A3F14F /* Base */,
			);
			name = LaunchScreen.storyboard;
			sourceTree = "<group>";
		};
/* End PBXVariantGroup section */

/* Begin XCBuildConfiguration section */
		931F43B9289261DF00A3F14F /* Debug */ = {
			isa = XCBuildConfiguration;
			buildSettings = {
				ALWAYS_SEARCH_USER_PATHS = NO;
				CLANG_ANALYZER_NONNULL = YES;
				CLANG_ANALYZER_NUMBER_OBJECT_CONVERSION = YES_AGGRESSIVE;
				CLANG_CXX_LANGUAGE_STANDARD = "gnu++17";
				CLANG_ENABLE_MODULES = YES;
				CLANG_ENABLE_OBJC_ARC = YES;
				CLANG_ENABLE_OBJC_WEAK = YES;
				CLANG_WARN_BLOCK_CAPTURE_AUTORELEASING = YES;
				CLANG_WARN_BOOL_CONVERSION = YES;
				CLANG_WARN_COMMA = YES;
				CLANG_WARN_CONSTANT_CONVERSION = YES;
				CLANG_WARN_DEPRECATED_OBJC_IMPLEMENTATIONS = YES;
				CLANG_WARN_DIRECT_OBJC_ISA_USAGE = YES_ERROR;
				CLANG_WARN_DOCUMENTATION_COMMENTS = YES;
				CLANG_WARN_EMPTY_BODY = YES;
				CLANG_WARN_ENUM_CONVERSION = YES;
				CLANG_WARN_INFINITE_RECURSION = YES;
				CLANG_WARN_INT_CONVERSION = YES;
				CLANG_WARN_NON_LITERAL_NULL_CONVERSION = YES;
				CLANG_WARN_OBJC_IMPLICIT_RETAIN_SELF = YES;
				CLANG_WARN_OBJC_LITERAL_CONVERSION = YES;
				CLANG_WARN_OBJC_ROOT_CLASS = YES_ERROR;
				CLANG_WARN_QUOTED_INCLUDE_IN_FRAMEWORK_HEADER = YES;
				CLANG_WARN_RANGE_LOOP_ANALYSIS = YES;
				CLANG_WARN_STRICT_PROTOTYPES = YES;
				CLANG_WARN_SUSPICIOUS_MOVE = YES;
				CLANG_WARN_UNGUARDED_AVAILABILITY = YES_AGGRESSIVE;
				CLANG_WARN_UNREACHABLE_CODE = YES;
				CLANG_WARN__DUPLICATE_METHOD_MATCH = YES;
				COPY_PHASE_STRIP = NO;
				DEBUG_INFORMATION_FORMAT = dwarf;
				ENABLE_STRICT_OBJC_MSGSEND = YES;
				ENABLE_TESTABILITY = YES;
				GCC_C_LANGUAGE_STANDARD = gnu11;
				GCC_DYNAMIC_NO_PIC = NO;
				GCC_NO_COMMON_BLOCKS = YES;
				GCC_OPTIMIZATION_LEVEL = 0;
				GCC_PREPROCESSOR_DEFINITIONS = (
					"DEBUG=1",
					"$(inherited)",
				);
				GCC_WARN_64_TO_32_BIT_CONVERSION = YES;
				GCC_WARN_ABOUT_RETURN_TYPE = YES_ERROR;
				GCC_WARN_UNDECLARED_SELECTOR = YES;
				GCC_WARN_UNINITIALIZED_AUTOS = YES_AGGRESSIVE;
				GCC_WARN_UNUSED_FUNCTION = YES;
				GCC_WARN_UNUSED_VARIABLE = YES;
				IPHONEOS_DEPLOYMENT_TARGET = 15.5;
				MTL_ENABLE_DEBUG_INFO = INCLUDE_SOURCE;
				MTL_FAST_MATH = YES;
				ONLY_ACTIVE_ARCH = YES;
				SDKROOT = iphoneos;
				SWIFT_ACTIVE_COMPILATION_CONDITIONS = DEBUG;
				SWIFT_OPTIMIZATION_LEVEL = "-Onone";
			};
			name = Debug;
		};
		931F43BA289261DF00A3F14F /* Release */ = {
			isa = XCBuildConfiguration;
			buildSettings = {
				ALWAYS_SEARCH_USER_PATHS = NO;
				CLANG_ANALYZER_NONNULL = YES;
				CLANG_ANALYZER_NUMBER_OBJECT_CONVERSION = YES_AGGRESSIVE;
				CLANG_CXX_LANGUAGE_STANDARD = "gnu++17";
				CLANG_ENABLE_MODULES = YES;
				CLANG_ENABLE_OBJC_ARC = YES;
				CLANG_ENABLE_OBJC_WEAK = YES;
				CLANG_WARN_BLOCK_CAPTURE_AUTORELEASING = YES;
				CLANG_WARN_BOOL_CONVERSION = YES;
				CLANG_WARN_COMMA = YES;
				CLANG_WARN_CONSTANT_CONVERSION = YES;
				CLANG_WARN_DEPRECATED_OBJC_IMPLEMENTATIONS = YES;
				CLANG_WARN_DIRECT_OBJC_ISA_USAGE = YES_ERROR;
				CLANG_WARN_DOCUMENTATION_COMMENTS = YES;
				CLANG_WARN_EMPTY_BODY = YES;
				CLANG_WARN_ENUM_CONVERSION = YES;
				CLANG_WARN_INFINITE_RECURSION = YES;
				CLANG_WARN_INT_CONVERSION = YES;
				CLANG_WARN_NON_LITERAL_NULL_CONVERSION = YES;
				CLANG_WARN_OBJC_IMPLICIT_RETAIN_SELF = YES;
				CLANG_WARN_OBJC_LITERAL_CONVERSION = YES;
				CLANG_WARN_OBJC_ROOT_CLASS = YES_ERROR;
				CLANG_WARN_QUOTED_INCLUDE_IN_FRAMEWORK_HEADER = YES;
				CLANG_WARN_RANGE_LOOP_ANALYSIS = YES;
				CLANG_WARN_STRICT_PROTOTYPES = YES;
				CLANG_WARN_SUSPICIOUS_MOVE = YES;
				CLANG_WARN_UNGUARDED_AVAILABILITY = YES_AGGRESSIVE;
				CLANG_WARN_UNREACHABLE_CODE = YES;
				CLANG_WARN__DUPLICATE_METHOD_MATCH = YES;
				COPY_PHASE_STRIP = NO;
				DEBUG_INFORMATION_FORMAT = "dwarf-with-dsym";
				ENABLE_NS_ASSERTIONS = NO;
				ENABLE_STRICT_OBJC_MSGSEND = YES;
				GCC_C_LANGUAGE_STANDARD = gnu11;
				GCC_NO_COMMON_BLOCKS = YES;
				GCC_WARN_64_TO_32_BIT_CONVERSION = YES;
				GCC_WARN_ABOUT_RETURN_TYPE = YES_ERROR;
				GCC_WARN_UNDECLARED_SELECTOR = YES;
				GCC_WARN_UNINITIALIZED_AUTOS = YES_AGGRESSIVE;
				GCC_WARN_UNUSED_FUNCTION = YES;
				GCC_WARN_UNUSED_VARIABLE = YES;
				IPHONEOS_DEPLOYMENT_TARGET = 15.5;
				MTL_ENABLE_DEBUG_INFO = NO;
				MTL_FAST_MATH = YES;
				SDKROOT = iphoneos;
				SWIFT_COMPILATION_MODE = wholemodule;
				SWIFT_OPTIMIZATION_LEVEL = "-O";
				VALIDATE_PRODUCT = YES;
			};
			name = Release;
		};
		931F43BC289261DF00A3F14F /* Debug */ = {
			isa = XCBuildConfiguration;
			buildSettings = {
				ASSETCATALOG_COMPILER_APPICON_NAME = AppIcon;
				ASSETCATALOG_COMPILER_GLOBAL_ACCENT_COLOR_NAME = AccentColor;
				CODE_SIGN_STYLE = Automatic;
				CURRENT_PROJECT_VERSION = 1;
				DEVELOPMENT_TEAM = FQ63CT4A3G;
				GENERATE_INFOPLIST_FILE = YES;
				INFOPLIST_FILE = UBER_CLONE/Info.plist;
				INFOPLIST_KEY_UIApplicationSupportsIndirectInputEvents = YES;
				INFOPLIST_KEY_UILaunchStoryboardName = LaunchScreen;
				INFOPLIST_KEY_UIMainStoryboardFile = Main;
				INFOPLIST_KEY_UISupportedInterfaceOrientations_iPad = "UIInterfaceOrientationPortrait UIInterfaceOrientationPortraitUpsideDown UIInterfaceOrientationLandscapeLeft UIInterfaceOrientationLandscapeRight";
				INFOPLIST_KEY_UISupportedInterfaceOrientations_iPhone = "UIInterfaceOrientationPortrait UIInterfaceOrientationLandscapeLeft UIInterfaceOrientationLandscapeRight";
				LD_RUNPATH_SEARCH_PATHS = (
					"$(inherited)",
					"@executable_path/Frameworks",
				);
				MARKETING_VERSION = 1.0;
				PRODUCT_BUNDLE_IDENTIFIER = "tekim.UBER-CLONE";
				PRODUCT_NAME = "$(TARGET_NAME)";
				SWIFT_EMIT_LOC_STRINGS = YES;
				SWIFT_VERSION = 5.0;
				TARGETED_DEVICE_FAMILY = "1,2";
			};
			name = Debug;
		};
		931F43BD289261DF00A3F14F /* Release */ = {
			isa = XCBuildConfiguration;
			buildSettings = {
				ASSETCATALOG_COMPILER_APPICON_NAME = AppIcon;
				ASSETCATALOG_COMPILER_GLOBAL_ACCENT_COLOR_NAME = AccentColor;
				CODE_SIGN_STYLE = Automatic;
				CURRENT_PROJECT_VERSION = 1;
				DEVELOPMENT_TEAM = FQ63CT4A3G;
				GENERATE_INFOPLIST_FILE = YES;
				INFOPLIST_FILE = UBER_CLONE/Info.plist;
				INFOPLIST_KEY_UIApplicationSupportsIndirectInputEvents = YES;
				INFOPLIST_KEY_UILaunchStoryboardName = LaunchScreen;
				INFOPLIST_KEY_UIMainStoryboardFile = Main;
				INFOPLIST_KEY_UISupportedInterfaceOrientations_iPad = "UIInterfaceOrientationPortrait UIInterfaceOrientationPortraitUpsideDown UIInterfaceOrientationLandscapeLeft UIInterfaceOrientationLandscapeRight";
				INFOPLIST_KEY_UISupportedInterfaceOrientations_iPhone = "UIInterfaceOrientationPortrait UIInterfaceOrientationLandscapeLeft UIInterfaceOrientationLandscapeRight";
				LD_RUNPATH_SEARCH_PATHS = (
					"$(inherited)",
					"@executable_path/Frameworks",
				);
				MARKETING_VERSION = 1.0;
				PRODUCT_BUNDLE_IDENTIFIER = "tekim.UBER-CLONE";
				PRODUCT_NAME = "$(TARGET_NAME)";
				SWIFT_EMIT_LOC_STRINGS = YES;
				SWIFT_VERSION = 5.0;
				TARGETED_DEVICE_FAMILY = "1,2";
			};
			name = Release;
		};
/* End XCBuildConfiguration section */

/* Begin XCConfigurationList section */
		931F43A2289261DD00A3F14F /* Build configuration list for PBXProject "UBER_CLONE" */ = {
			isa = XCConfigurationList;
			buildConfigurations = (
				931F43B9289261DF00A3F14F /* Debug */,
				931F43BA289261DF00A3F14F /* Release */,
			);
			defaultConfigurationIsVisible = 0;
			defaultConfigurationName = Release;
		};
		931F43BB289261DF00A3F14F /* Build configuration list for PBXNativeTarget "UBER_CLONE" */ = {
			isa = XCConfigurationList;
			buildConfigurations = (
				931F43BC289261DF00A3F14F /* Debug */,
				931F43BD289261DF00A3F14F /* Release */,
			);
			defaultConfigurationIsVisible = 0;
			defaultConfigurationName = Release;
		};
/* End XCConfigurationList section */

/* Begin XCRemoteSwiftPackageReference section */
		939E743C289266D8003941BA /* XCRemoteSwiftPackageReference "firebase-ios-sdk" */ = {
			isa = XCRemoteSwiftPackageReference;
			repositoryURL = "https://github.com/firebase/firebase-ios-sdk";
			requirement = {
				kind = upToNextMajorVersion;
				minimumVersion = 9.0.0;
			};
		};
/* End XCRemoteSwiftPackageReference section */

/* Begin XCSwiftPackageProductDependency section */
		939E743D289266D8003941BA /* FirebaseAuth */ = {
			isa = XCSwiftPackageProductDependency;
			package = 939E743C289266D8003941BA /* XCRemoteSwiftPackageReference "firebase-ios-sdk" */;
			productName = FirebaseAuth;
		};
		939E743F289266D8003941BA /* FirebaseAuthCombine-Community */ = {
			isa = XCSwiftPackageProductDependency;
			package = 939E743C289266D8003941BA /* XCRemoteSwiftPackageReference "firebase-ios-sdk" */;
			productName = "FirebaseAuthCombine-Community";
		};
		939E7441289266D8003941BA /* FirebaseDatabase */ = {
			isa = XCSwiftPackageProductDependency;
			package = 939E743C289266D8003941BA /* XCRemoteSwiftPackageReference "firebase-ios-sdk" */;
			productName = FirebaseDatabase;
		};
		939E7443289266D8003941BA /* FirebaseDatabaseSwift */ = {
			isa = XCSwiftPackageProductDependency;
			package = 939E743C289266D8003941BA /* XCRemoteSwiftPackageReference "firebase-ios-sdk" */;
			productName = FirebaseDatabaseSwift;
		};
		939E7445289266D8003941BA /* FirebaseStorage */ = {
			isa = XCSwiftPackageProductDependency;
			package = 939E743C289266D8003941BA /* XCRemoteSwiftPackageReference "firebase-ios-sdk" */;
			productName = FirebaseStorage;
		};
		939E7447289266D8003941BA /* FirebaseStorageCombine-Community */ = {
			isa = XCSwiftPackageProductDependency;
			package = 939E743C289266D8003941BA /* XCRemoteSwiftPackageReference "firebase-ios-sdk" */;
			productName = "FirebaseStorageCombine-Community";
		};
/* End XCSwiftPackageProductDependency section */
	};
	rootObject = 931F439F289261DD00A3F14F /* Project object */;
}
